// !$*UTF8*$!
{
	archiveVersion = 1;
	classes = {
	};
	objectVersion = 46;
	objects = {

/* Begin PBXBuildFile section */
		0F3C011020015EE8002AE7B3 /* AddJobViewController.swift in Sources */ = {isa = PBXBuildFile; fileRef = 0F3C010F20015EE8002AE7B3 /* AddJobViewController.swift */; };
		0F3C011220015F64002AE7B3 /* MyJobPreferencesViewController.xib in Resources */ = {isa = PBXBuildFile; fileRef = 0F3C011120015F64002AE7B3 /* MyJobPreferencesViewController.xib */; };
		0F3C01142001767B002AE7B3 /* TaskListViewController.swift in Sources */ = {isa = PBXBuildFile; fileRef = 0F3C01132001767B002AE7B3 /* TaskListViewController.swift */; };
		0F3C012320018056002AE7B3 /* ContentType.swift in Sources */ = {isa = PBXBuildFile; fileRef = 0F3C012220018056002AE7B3 /* ContentType.swift */; };
		0F3C012C2001853C002AE7B3 /* TabsViewController.swift in Sources */ = {isa = PBXBuildFile; fileRef = 0F3C012B2001853C002AE7B3 /* TabsViewController.swift */; };
		0F67101E200107BE0016F173 /* ParentStoryboard.storyboard in Resources */ = {isa = PBXBuildFile; fileRef = 0F67101D200107BE0016F173 /* ParentStoryboard.storyboard */; };
		0F67102220010AE40016F173 /* BabysitterListViewController.swift in Sources */ = {isa = PBXBuildFile; fileRef = 0F67102120010AE40016F173 /* BabysitterListViewController.swift */; };
		0F67102420010B0A0016F173 /* MapViewController.swift in Sources */ = {isa = PBXBuildFile; fileRef = 0F67102320010B0A0016F173 /* MapViewController.swift */; };
		0F67102820011FD20016F173 /* BabysitterCell.swift in Sources */ = {isa = PBXBuildFile; fileRef = 0F67102720011FD20016F173 /* BabysitterCell.swift */; };
		0F67102A200120C20016F173 /* BabysitterFolding.xib in Resources */ = {isa = PBXBuildFile; fileRef = 0F671029200120C20016F173 /* BabysitterFolding.xib */; };
		0FD8E76B2003E27600A385CC /* YalFoldingViewController.swift in Sources */ = {isa = PBXBuildFile; fileRef = 0FD8E76A2003E27600A385CC /* YalFoldingViewController.swift */; };
		0FDE305620025B6700D4DEFB /* OneTaskCell.xib in Resources */ = {isa = PBXBuildFile; fileRef = 0FDE305520025B6700D4DEFB /* OneTaskCell.xib */; };
		0FDE30582002716500D4DEFB /* AddTaskViewController.swift in Sources */ = {isa = PBXBuildFile; fileRef = 0FDE30572002716500D4DEFB /* AddTaskViewController.swift */; };
		0FDE305A2002760700D4DEFB /* Task.swift in Sources */ = {isa = PBXBuildFile; fileRef = 0FDE30592002760700D4DEFB /* Task.swift */; };
		0FDE305C200279DE00D4DEFB /* TaskTableViewCell.swift in Sources */ = {isa = PBXBuildFile; fileRef = 0FDE305B200279DE00D4DEFB /* TaskTableViewCell.swift */; };
		0FDE30682002AC4200D4DEFB /* LoginViewController.swift in Sources */ = {isa = PBXBuildFile; fileRef = 0FDE30672002AC4200D4DEFB /* LoginViewController.swift */; };
		3579E74D0AD465DAE096ED59 /* Pods_ChedliWeldi2.framework in Frameworks */ = {isa = PBXBuildFile; fileRef = C938081B4006F4907E99A8CE /* Pods_ChedliWeldi2.framework */; };
		5A0023821FB8849000314156 /* AppDelegate.swift in Sources */ = {isa = PBXBuildFile; fileRef = 5A0023811FB8849000314156 /* AppDelegate.swift */; };
		5A00238A1FB8849000314156 /* ChedliWeldi2.xcdatamodeld in Sources */ = {isa = PBXBuildFile; fileRef = 5A0023881FB8849000314156 /* ChedliWeldi2.xcdatamodeld */; };
		5A00238C1FB8849000314156 /* Assets.xcassets in Resources */ = {isa = PBXBuildFile; fileRef = 5A00238B1FB8849000314156 /* Assets.xcassets */; };
		5A00238F1FB8849000314156 /* LaunchScreen.storyboard in Resources */ = {isa = PBXBuildFile; fileRef = 5A00238D1FB8849000314156 /* LaunchScreen.storyboard */; };
		5A0023971FB8873100314156 /* SignUpTypeViewController.swift in Sources */ = {isa = PBXBuildFile; fileRef = 5A0023961FB8873100314156 /* SignUpTypeViewController.swift */; };
		5A06F9101FCE0D860029B99A /* RatingDialog.xib in Resources */ = {isa = PBXBuildFile; fileRef = 5A06F90F1FCE0D860029B99A /* RatingDialog.xib */; };
		5A06F9121FCE15E40029B99A /* RatingDialogViewController.swift in Sources */ = {isa = PBXBuildFile; fileRef = 5A06F9111FCE15E40029B99A /* RatingDialogViewController.swift */; };
		5A071ED41FC5ED9D00B9411A /* RequestDialogViewController.swift in Sources */ = {isa = PBXBuildFile; fileRef = 5A071ED31FC5ED9D00B9411A /* RequestDialogViewController.swift */; };
		5A0F0D1C2000EDE100E76CEF /* ViewCorner.swift in Sources */ = {isa = PBXBuildFile; fileRef = 5A0F0D1B2000EDE100E76CEF /* ViewCorner.swift */; };
		5A0F0D222000FF2900E76CEF /* MyOfferCollectionViewController.swift in Sources */ = {isa = PBXBuildFile; fileRef = 5A0F0D212000FF2900E76CEF /* MyOfferCollectionViewController.swift */; };
		5A0F0D2420010A6A00E76CEF /* CollectionViewController.swift in Sources */ = {isa = PBXBuildFile; fileRef = 5A0F0D2320010A6A00E76CEF /* CollectionViewController.swift */; };
		5A0F0D2620012F6A00E76CEF /* PrivateOfferViewController.swift in Sources */ = {isa = PBXBuildFile; fileRef = 5A0F0D2520012F6900E76CEF /* PrivateOfferViewController.swift */; };
		5A115C3220015A7C006A8F7B /* DateExtension.swift in Sources */ = {isa = PBXBuildFile; fileRef = 5A115C3120015A7C006A8F7B /* DateExtension.swift */; };
		5A115C3B20018379006A8F7B /* ScheduledBabysitterOfferViewController.swift in Sources */ = {isa = PBXBuildFile; fileRef = 5A115C3920018379006A8F7B /* ScheduledBabysitterOfferViewController.swift */; };
		5A115C3C20018379006A8F7B /* ScheduledParentOfferViewController.swift in Sources */ = {isa = PBXBuildFile; fileRef = 5A115C3A20018379006A8F7B /* ScheduledParentOfferViewController.swift */; };
		5A115C3E20019083006A8F7B /* MyPrivateOffersViewController.swift in Sources */ = {isa = PBXBuildFile; fileRef = 5A115C3D20019083006A8F7B /* MyPrivateOffersViewController.swift */; };
		5A115C402001911C006A8F7B /* PrivateOfferRequestViewController.swift in Sources */ = {isa = PBXBuildFile; fileRef = 5A115C3F2001911C006A8F7B /* PrivateOfferRequestViewController.swift */; };
		5A2335411FBBB55E00EFEC12 /* CreateProfileViewController.swift in Sources */ = {isa = PBXBuildFile; fileRef = 5A2335401FBBB55E00EFEC12 /* CreateProfileViewController.swift */; };
		5A2850C620041E1F004C8C53 /* Main.storyboard in Resources */ = {isa = PBXBuildFile; fileRef = 5A2850C520041E1F004C8C53 /* Main.storyboard */; };
		5A4AC4851FC4A2B800A1B989 /* MyOffersViewController.swift in Sources */ = {isa = PBXBuildFile; fileRef = 5A4AC4841FC4A2B800A1B989 /* MyOffersViewController.swift */; };
		5A4E80D62003FA88003EA9C2 /* BabySitterPin.swift in Sources */ = {isa = PBXBuildFile; fileRef = 0F67102B200139B20016F173 /* BabySitterPin.swift */; };
		5A4E80D72003FABA003EA9C2 /* OngoingViewController.swift in Sources */ = {isa = PBXBuildFile; fileRef = 0FDE305D2002943900D4DEFB /* OngoingViewController.swift */; };
		5A4E80D82003FAD0003EA9C2 /* HomeMenuViewController.swift in Sources */ = {isa = PBXBuildFile; fileRef = 0F3C012920018457002AE7B3 /* HomeMenuViewController.swift */; };
		5A4E80D92003FAD5003EA9C2 /* MenuViewController.swift in Sources */ = {isa = PBXBuildFile; fileRef = 0F3C01272001810E002AE7B3 /* MenuViewController.swift */; };
		5A4E80DA2003FB10003EA9C2 /* UITableViewCell.swift in Sources */ = {isa = PBXBuildFile; fileRef = 0F3C0125200180A4002AE7B3 /* UITableViewCell.swift */; };
		5A4E80DB2003FFDC003EA9C2 /* LoginStoryboard.storyboard in Resources */ = {isa = PBXBuildFile; fileRef = 0FDE30652002AC3500D4DEFB /* LoginStoryboard.storyboard */; };
		5A4E80DC20040033003EA9C2 /* fontawesome-webfont.ttf in Resources */ = {isa = PBXBuildFile; fileRef = 0FE9B3DE2003C351005AB7F9 /* fontawesome-webfont.ttf */; };
		5A4E80E020040C0F003EA9C2 /* SignUpViewController.swift in Sources */ = {isa = PBXBuildFile; fileRef = 5A4E80DF20040C0F003EA9C2 /* SignUpViewController.swift */; };
		5A4E80E220041A59003EA9C2 /* OffersViewController.swift in Sources */ = {isa = PBXBuildFile; fileRef = 5A4E80E120041A59003EA9C2 /* OffersViewController.swift */; };
		5A583B381FE06A63002E3372 /* InterfaceBuilderViewController.swift in Sources */ = {isa = PBXBuildFile; fileRef = 5A583B371FE06A63002E3372 /* InterfaceBuilderViewController.swift */; };
		5A5939111FC0E71D00FF5DA6 /* UserNotifications.framework in Frameworks */ = {isa = PBXBuildFile; fileRef = 5A5939101FC0E71D00FF5DA6 /* UserNotifications.framework */; };
		5A5939131FC0E71D00FF5DA6 /* UserNotificationsUI.framework in Frameworks */ = {isa = PBXBuildFile; fileRef = 5A5939121FC0E71D00FF5DA6 /* UserNotificationsUI.framework */; };
		5A5939161FC0E71D00FF5DA6 /* NotificationViewController.swift in Sources */ = {isa = PBXBuildFile; fileRef = 5A5939151FC0E71D00FF5DA6 /* NotificationViewController.swift */; };
		5A5939191FC0E71E00FF5DA6 /* MainInterface.storyboard in Resources */ = {isa = PBXBuildFile; fileRef = 5A5939171FC0E71E00FF5DA6 /* MainInterface.storyboard */; };
		5A59391D1FC0E71E00FF5DA6 /* notification.appex in Embed App Extensions */ = {isa = PBXBuildFile; fileRef = 5A59390F1FC0E71D00FF5DA6 /* notification.appex */; settings = {ATTRIBUTES = (RemoveHeadersOnCopy, ); }; };
		5A7428BA1FC5D85500D4B57D /* RequestsViewController.swift in Sources */ = {isa = PBXBuildFile; fileRef = 5A7428B91FC5D85500D4B57D /* RequestsViewController.swift */; };
		5A8060871FF15E6D007D5700 /* InboxViewController.swift in Sources */ = {isa = PBXBuildFile; fileRef = 5A8060861FF15E6D007D5700 /* InboxViewController.swift */; };
		5A80608B1FF19430007D5700 /* ChatViewController.swift in Sources */ = {isa = PBXBuildFile; fileRef = 5A80608A1FF19430007D5700 /* ChatViewController.swift */; };
		5A8CF66B1FCE3716007B9340 /* ReviewsViewController.swift in Sources */ = {isa = PBXBuildFile; fileRef = 5A8CF66A1FCE3716007B9340 /* ReviewsViewController.swift */; };
		5AA06EC01FF2716600FC2D90 /* customBar.xib in Resources */ = {isa = PBXBuildFile; fileRef = 5AA06EBE1FF2716600FC2D90 /* customBar.xib */; };
		5AA06EC11FF2716600FC2D90 /* CustomBarView.swift in Sources */ = {isa = PBXBuildFile; fileRef = 5AA06EBF1FF2716600FC2D90 /* CustomBarView.swift */; };
		5AB48E962002E34600BAF45F /* CustomOverlayView.swift in Sources */ = {isa = PBXBuildFile; fileRef = 5AB48E942002E34600BAF45F /* CustomOverlayView.swift */; };
		5AB48E972002E34600BAF45F /* CustomOverlayView.xib in Resources */ = {isa = PBXBuildFile; fileRef = 5AB48E952002E34600BAF45F /* CustomOverlayView.xib */; };
		5AC2C54D200346870008BFB4 /* RequestDialog.xib in Resources */ = {isa = PBXBuildFile; fileRef = 5AC2C54C200346870008BFB4 /* RequestDialog.xib */; };
		5AC2C55020034C850008BFB4 /* EditPhotosViewController.swift in Sources */ = {isa = PBXBuildFile; fileRef = 5AC2C54F20034C850008BFB4 /* EditPhotosViewController.swift */; };
		5AC2C55220036EF80008BFB4 /* EditIntoViewController.swift in Sources */ = {isa = PBXBuildFile; fileRef = 5AC2C55120036EF80008BFB4 /* EditIntoViewController.swift */; };
		5AC2C554200384B90008BFB4 /* ChangePasswordViewController.swift in Sources */ = {isa = PBXBuildFile; fileRef = 5AC2C553200384B90008BFB4 /* ChangePasswordViewController.swift */; };
		5AC2C55620038AAB0008BFB4 /* SkillsViewController.swift in Sources */ = {isa = PBXBuildFile; fileRef = 5AC2C55520038AAB0008BFB4 /* SkillsViewController.swift */; };
		5AD715A62003C6E200D24E61 /* SettingsTableViewController.swift in Sources */ = {isa = PBXBuildFile; fileRef = 5AD715A52003C6E200D24E61 /* SettingsTableViewController.swift */; };
		5AD98F441FD71497008F4AA8 /* YoutubeExampleViewController.swift in Sources */ = {isa = PBXBuildFile; fileRef = 5AD98F431FD71497008F4AA8 /* YoutubeExampleViewController.swift */; };
		5AD98F461FD734AA008F4AA8 /* ProfileTabsViewController.swift in Sources */ = {isa = PBXBuildFile; fileRef = 5AD98F451FD734AA008F4AA8 /* ProfileTabsViewController.swift */; };
		5AD98F481FD73858008F4AA8 /* ProfileViewController.swift in Sources */ = {isa = PBXBuildFile; fileRef = 5AD98F471FD73858008F4AA8 /* ProfileViewController.swift */; };
		5AD98F4B1FD73AFC008F4AA8 /* AboutViewController.swift in Sources */ = {isa = PBXBuildFile; fileRef = 5AD98F4A1FD73AFC008F4AA8 /* AboutViewController.swift */; };
		5AD98F4D1FD73B56008F4AA8 /* ReviewsViewControlleBackupr.swift in Sources */ = {isa = PBXBuildFile; fileRef = 5AD98F4C1FD73B56008F4AA8 /* ReviewsViewControlleBackupr.swift */; };
		5AD98F4F1FD77845008F4AA8 /* favoritesDialog.xib in Resources */ = {isa = PBXBuildFile; fileRef = 5AD98F4E1FD77845008F4AA8 /* favoritesDialog.xib */; };
		5AD98F511FD778F2008F4AA8 /* FavoritesDialogViewController.swift in Sources */ = {isa = PBXBuildFile; fileRef = 5AD98F501FD778F2008F4AA8 /* FavoritesDialogViewController.swift */; };
		5ADA4AC31FB8A13D00D4D3F3 /* CreateAccountViewController.swift in Sources */ = {isa = PBXBuildFile; fileRef = 5ADA4AC21FB8A13D00D4D3F3 /* CreateAccountViewController.swift */; };
		5ADCAB981FD349A0000062AD /* PhotosViewController.swift in Sources */ = {isa = PBXBuildFile; fileRef = 5ADCAB971FD349A0000062AD /* PhotosViewController.swift */; };
		5ADCAB9A1FD34B98000062AD /* testing.storyboard in Resources */ = {isa = PBXBuildFile; fileRef = 5ADCAB991FD34B98000062AD /* testing.storyboard */; };
		5ADCAB9C1FD35089000062AD /* ExampleCollectionViewCell.swift in Sources */ = {isa = PBXBuildFile; fileRef = 5ADCAB9B1FD35089000062AD /* ExampleCollectionViewCell.swift */; };
		5ADCABA61FD36B04000062AD /* maintab.swift in Sources */ = {isa = PBXBuildFile; fileRef = 5ADCABA51FD36B04000062AD /* maintab.swift */; };
		5ADCABA81FD36B90000062AD /* ChildExampleViewController.swift in Sources */ = {isa = PBXBuildFile; fileRef = 5ADCABA71FD36B90000062AD /* ChildExampleViewController.swift */; };
		5ADCABAB1FD36C63000062AD /* YoutubeIconCell.swift in Sources */ = {isa = PBXBuildFile; fileRef = 5ADCABA91FD36C63000062AD /* YoutubeIconCell.swift */; };
		5ADCABAC1FD36C63000062AD /* YoutubeIconCell.xib in Resources */ = {isa = PBXBuildFile; fileRef = 5ADCABAA1FD36C63000062AD /* YoutubeIconCell.xib */; };
		5ADF89911FBE1FF700C2FCD3 /* TableViewCell.swift in Sources */ = {isa = PBXBuildFile; fileRef = 5ADF89901FBE1FF700C2FCD3 /* TableViewCell.swift */; };
		5ADF89931FBE260300C2FCD3 /* TestingViewController.swift in Sources */ = {isa = PBXBuildFile; fileRef = 5ADF89921FBE260300C2FCD3 /* TestingViewController.swift */; };
		5ADF89BF1FBE480500C2FCD3 /* DemoCell.swift in Sources */ = {isa = PBXBuildFile; fileRef = 5ADF89BE1FBE480500C2FCD3 /* DemoCell.swift */; };
		5AEAE11F1FCE1934001CFD55 /* DemoViewController.swift in Sources */ = {isa = PBXBuildFile; fileRef = 5AEAE11E1FCE1934001CFD55 /* DemoViewController.swift */; };
		5AEAE4411FBB9B48007798EE /* SkyFloatingLabelExtension.swift in Sources */ = {isa = PBXBuildFile; fileRef = 5AEAE4401FBB9B48007798EE /* SkyFloatingLabelExtension.swift */; };
		5AEAE4431FBBA58C007798EE /* Tex.swift in Sources */ = {isa = PBXBuildFile; fileRef = 5AEAE4421FBBA58C007798EE /* Tex.swift */; };
/* End PBXBuildFile section */

/* Begin PBXContainerItemProxy section */
		5A59391B1FC0E71E00FF5DA6 /* PBXContainerItemProxy */ = {
			isa = PBXContainerItemProxy;
			containerPortal = 5A0023761FB8849000314156 /* Project object */;
			proxyType = 1;
			remoteGlobalIDString = 5A59390E1FC0E71D00FF5DA6;
			remoteInfo = notification;
		};
/* End PBXContainerItemProxy section */

/* Begin PBXCopyFilesBuildPhase section */
		5A5939211FC0E71E00FF5DA6 /* Embed App Extensions */ = {
			isa = PBXCopyFilesBuildPhase;
			buildActionMask = 2147483647;
			dstPath = "";
			dstSubfolderSpec = 13;
			files = (
				5A59391D1FC0E71E00FF5DA6 /* notification.appex in Embed App Extensions */,
			);
			name = "Embed App Extensions";
			runOnlyForDeploymentPostprocessing = 0;
		};
/* End PBXCopyFilesBuildPhase section */

/* Begin PBXFileReference section */
		04DD358DCC04340B72098936 /* Pods-ChedliWeldi2.release.xcconfig */ = {isa = PBXFileReference; includeInIndex = 1; lastKnownFileType = text.xcconfig; name = "Pods-ChedliWeldi2.release.xcconfig"; path = "Pods/Target Support Files/Pods-ChedliWeldi2/Pods-ChedliWeldi2.release.xcconfig"; sourceTree = "<group>"; };
		0F3C010F20015EE8002AE7B3 /* AddJobViewController.swift */ = {isa = PBXFileReference; fileEncoding = 4; lastKnownFileType = sourcecode.swift; path = AddJobViewController.swift; sourceTree = "<group>"; };
		0F3C011120015F64002AE7B3 /* MyJobPreferencesViewController.xib */ = {isa = PBXFileReference; fileEncoding = 4; lastKnownFileType = file.xib; path = MyJobPreferencesViewController.xib; sourceTree = "<group>"; };
		0F3C01132001767B002AE7B3 /* TaskListViewController.swift */ = {isa = PBXFileReference; fileEncoding = 4; lastKnownFileType = sourcecode.swift; path = TaskListViewController.swift; sourceTree = "<group>"; };
		0F3C012220018056002AE7B3 /* ContentType.swift */ = {isa = PBXFileReference; fileEncoding = 4; lastKnownFileType = sourcecode.swift; path = ContentType.swift; sourceTree = "<group>"; };
		0F3C0125200180A4002AE7B3 /* UITableViewCell.swift */ = {isa = PBXFileReference; fileEncoding = 4; lastKnownFileType = sourcecode.swift; path = UITableViewCell.swift; sourceTree = "<group>"; };
		0F3C01272001810E002AE7B3 /* MenuViewController.swift */ = {isa = PBXFileReference; fileEncoding = 4; lastKnownFileType = sourcecode.swift; path = MenuViewController.swift; sourceTree = "<group>"; };
		0F3C012920018457002AE7B3 /* HomeMenuViewController.swift */ = {isa = PBXFileReference; fileEncoding = 4; lastKnownFileType = sourcecode.swift; path = HomeMenuViewController.swift; sourceTree = "<group>"; };
		0F3C012B2001853C002AE7B3 /* TabsViewController.swift */ = {isa = PBXFileReference; fileEncoding = 4; lastKnownFileType = sourcecode.swift; path = TabsViewController.swift; sourceTree = "<group>"; };
		0F67101D200107BE0016F173 /* ParentStoryboard.storyboard */ = {isa = PBXFileReference; fileEncoding = 4; lastKnownFileType = file.storyboard; path = ParentStoryboard.storyboard; sourceTree = "<group>"; };
		0F67102120010AE40016F173 /* BabysitterListViewController.swift */ = {isa = PBXFileReference; fileEncoding = 4; lastKnownFileType = sourcecode.swift; path = BabysitterListViewController.swift; sourceTree = "<group>"; };
		0F67102320010B0A0016F173 /* MapViewController.swift */ = {isa = PBXFileReference; fileEncoding = 4; lastKnownFileType = sourcecode.swift; path = MapViewController.swift; sourceTree = "<group>"; };
		0F67102720011FD20016F173 /* BabysitterCell.swift */ = {isa = PBXFileReference; fileEncoding = 4; lastKnownFileType = sourcecode.swift; path = BabysitterCell.swift; sourceTree = "<group>"; };
		0F671029200120C20016F173 /* BabysitterFolding.xib */ = {isa = PBXFileReference; fileEncoding = 4; lastKnownFileType = file.xib; path = BabysitterFolding.xib; sourceTree = "<group>"; };
		0F67102B200139B20016F173 /* BabySitterPin.swift */ = {isa = PBXFileReference; fileEncoding = 4; lastKnownFileType = sourcecode.swift; path = BabySitterPin.swift; sourceTree = "<group>"; };
		0F67102D200148B50016F173 /* Location.gpx */ = {isa = PBXFileReference; lastKnownFileType = text.xml; path = Location.gpx; sourceTree = "<group>"; };
		0FAB7A352002E9F600FECD1F /* Example-Swift-Bridging-Header.h */ = {isa = PBXFileReference; lastKnownFileType = sourcecode.c.h; path = "Example-Swift-Bridging-Header.h"; sourceTree = "<group>"; };
		0FD8E76A2003E27600A385CC /* YalFoldingViewController.swift */ = {isa = PBXFileReference; fileEncoding = 4; lastKnownFileType = sourcecode.swift; path = YalFoldingViewController.swift; sourceTree = "<group>"; };
		0FDE305520025B6700D4DEFB /* OneTaskCell.xib */ = {isa = PBXFileReference; fileEncoding = 4; lastKnownFileType = file.xib; path = OneTaskCell.xib; sourceTree = "<group>"; };
		0FDE30572002716500D4DEFB /* AddTaskViewController.swift */ = {isa = PBXFileReference; fileEncoding = 4; lastKnownFileType = sourcecode.swift; path = AddTaskViewController.swift; sourceTree = "<group>"; };
		0FDE30592002760700D4DEFB /* Task.swift */ = {isa = PBXFileReference; fileEncoding = 4; lastKnownFileType = sourcecode.swift; path = Task.swift; sourceTree = "<group>"; };
		0FDE305B200279DE00D4DEFB /* TaskTableViewCell.swift */ = {isa = PBXFileReference; fileEncoding = 4; lastKnownFileType = sourcecode.swift; path = TaskTableViewCell.swift; sourceTree = "<group>"; };
		0FDE305D2002943900D4DEFB /* OngoingViewController.swift */ = {isa = PBXFileReference; fileEncoding = 4; lastKnownFileType = sourcecode.swift; path = OngoingViewController.swift; sourceTree = "<group>"; };
		0FDE30652002AC3500D4DEFB /* LoginStoryboard.storyboard */ = {isa = PBXFileReference; fileEncoding = 4; lastKnownFileType = file.storyboard; path = LoginStoryboard.storyboard; sourceTree = "<group>"; };
		0FDE30672002AC4200D4DEFB /* LoginViewController.swift */ = {isa = PBXFileReference; fileEncoding = 4; lastKnownFileType = sourcecode.swift; path = LoginViewController.swift; sourceTree = "<group>"; };
		0FE9B3DE2003C351005AB7F9 /* fontawesome-webfont.ttf */ = {isa = PBXFileReference; lastKnownFileType = file; path = "fontawesome-webfont.ttf"; sourceTree = "<group>"; };
		5A00237E1FB8849000314156 /* ChedliWeldi2.app */ = {isa = PBXFileReference; explicitFileType = wrapper.application; includeInIndex = 0; path = ChedliWeldi2.app; sourceTree = BUILT_PRODUCTS_DIR; };
		5A0023811FB8849000314156 /* AppDelegate.swift */ = {isa = PBXFileReference; lastKnownFileType = sourcecode.swift; path = AppDelegate.swift; sourceTree = "<group>"; };
		5A0023891FB8849000314156 /* ChedliWeldi2.xcdatamodel */ = {isa = PBXFileReference; lastKnownFileType = wrapper.xcdatamodel; path = ChedliWeldi2.xcdatamodel; sourceTree = "<group>"; };
		5A00238B1FB8849000314156 /* Assets.xcassets */ = {isa = PBXFileReference; lastKnownFileType = folder.assetcatalog; path = Assets.xcassets; sourceTree = "<group>"; };
		5A00238E1FB8849000314156 /* Base */ = {isa = PBXFileReference; lastKnownFileType = file.storyboard; name = Base; path = Base.lproj/LaunchScreen.storyboard; sourceTree = "<group>"; };
		5A0023901FB8849000314156 /* Info.plist */ = {isa = PBXFileReference; lastKnownFileType = text.plist.xml; path = Info.plist; sourceTree = "<group>"; };
		5A0023961FB8873100314156 /* SignUpTypeViewController.swift */ = {isa = PBXFileReference; fileEncoding = 4; lastKnownFileType = sourcecode.swift; path = SignUpTypeViewController.swift; sourceTree = "<group>"; };
		5A06F90F1FCE0D860029B99A /* RatingDialog.xib */ = {isa = PBXFileReference; fileEncoding = 4; lastKnownFileType = file.xib; path = RatingDialog.xib; sourceTree = "<group>"; };
		5A06F9111FCE15E40029B99A /* RatingDialogViewController.swift */ = {isa = PBXFileReference; fileEncoding = 4; lastKnownFileType = sourcecode.swift; path = RatingDialogViewController.swift; sourceTree = "<group>"; };
		5A071ED31FC5ED9D00B9411A /* RequestDialogViewController.swift */ = {isa = PBXFileReference; fileEncoding = 4; lastKnownFileType = sourcecode.swift; path = RequestDialogViewController.swift; sourceTree = "<group>"; };
		5A0F0D1B2000EDE100E76CEF /* ViewCorner.swift */ = {isa = PBXFileReference; fileEncoding = 4; lastKnownFileType = sourcecode.swift; path = ViewCorner.swift; sourceTree = "<group>"; };
		5A0F0D212000FF2900E76CEF /* MyOfferCollectionViewController.swift */ = {isa = PBXFileReference; fileEncoding = 4; lastKnownFileType = sourcecode.swift; path = MyOfferCollectionViewController.swift; sourceTree = "<group>"; };
		5A0F0D2320010A6A00E76CEF /* CollectionViewController.swift */ = {isa = PBXFileReference; fileEncoding = 4; lastKnownFileType = sourcecode.swift; path = CollectionViewController.swift; sourceTree = "<group>"; };
		5A0F0D2520012F6900E76CEF /* PrivateOfferViewController.swift */ = {isa = PBXFileReference; fileEncoding = 4; lastKnownFileType = sourcecode.swift; path = PrivateOfferViewController.swift; sourceTree = "<group>"; };
		5A115C3120015A7C006A8F7B /* DateExtension.swift */ = {isa = PBXFileReference; fileEncoding = 4; lastKnownFileType = sourcecode.swift; path = DateExtension.swift; sourceTree = "<group>"; };
		5A115C3920018379006A8F7B /* ScheduledBabysitterOfferViewController.swift */ = {isa = PBXFileReference; fileEncoding = 4; lastKnownFileType = sourcecode.swift; path = ScheduledBabysitterOfferViewController.swift; sourceTree = "<group>"; };
		5A115C3A20018379006A8F7B /* ScheduledParentOfferViewController.swift */ = {isa = PBXFileReference; fileEncoding = 4; lastKnownFileType = sourcecode.swift; path = ScheduledParentOfferViewController.swift; sourceTree = "<group>"; };
		5A115C3D20019083006A8F7B /* MyPrivateOffersViewController.swift */ = {isa = PBXFileReference; fileEncoding = 4; lastKnownFileType = sourcecode.swift; path = MyPrivateOffersViewController.swift; sourceTree = "<group>"; };
		5A115C3F2001911C006A8F7B /* PrivateOfferRequestViewController.swift */ = {isa = PBXFileReference; fileEncoding = 4; lastKnownFileType = sourcecode.swift; path = PrivateOfferRequestViewController.swift; sourceTree = "<group>"; };
		5A2335401FBBB55E00EFEC12 /* CreateProfileViewController.swift */ = {isa = PBXFileReference; fileEncoding = 4; lastKnownFileType = sourcecode.swift; path = CreateProfileViewController.swift; sourceTree = "<group>"; };
		5A2850C520041E1F004C8C53 /* Main.storyboard */ = {isa = PBXFileReference; fileEncoding = 4; lastKnownFileType = file.storyboard; path = Main.storyboard; sourceTree = "<group>"; };
		5A4AC4841FC4A2B800A1B989 /* MyOffersViewController.swift */ = {isa = PBXFileReference; fileEncoding = 4; lastKnownFileType = sourcecode.swift; path = MyOffersViewController.swift; sourceTree = "<group>"; };
		5A4E80DF20040C0F003EA9C2 /* SignUpViewController.swift */ = {isa = PBXFileReference; fileEncoding = 4; lastKnownFileType = sourcecode.swift; path = SignUpViewController.swift; sourceTree = "<group>"; };
		5A4E80E120041A59003EA9C2 /* OffersViewController.swift */ = {isa = PBXFileReference; fileEncoding = 4; lastKnownFileType = sourcecode.swift; path = OffersViewController.swift; sourceTree = "<group>"; };
		5A583B371FE06A63002E3372 /* InterfaceBuilderViewController.swift */ = {isa = PBXFileReference; fileEncoding = 4; lastKnownFileType = sourcecode.swift; path = InterfaceBuilderViewController.swift; sourceTree = "<group>"; };
		5A59390A1FC0C44500FF5DA6 /* ChedliWeldi2.entitlements */ = {isa = PBXFileReference; lastKnownFileType = text.plist.entitlements; path = ChedliWeldi2.entitlements; sourceTree = "<group>"; };
		5A59390F1FC0E71D00FF5DA6 /* notification.appex */ = {isa = PBXFileReference; explicitFileType = "wrapper.app-extension"; includeInIndex = 0; path = notification.appex; sourceTree = BUILT_PRODUCTS_DIR; };
		5A5939101FC0E71D00FF5DA6 /* UserNotifications.framework */ = {isa = PBXFileReference; lastKnownFileType = wrapper.framework; name = UserNotifications.framework; path = System/Library/Frameworks/UserNotifications.framework; sourceTree = SDKROOT; };
		5A5939121FC0E71D00FF5DA6 /* UserNotificationsUI.framework */ = {isa = PBXFileReference; lastKnownFileType = wrapper.framework; name = UserNotificationsUI.framework; path = System/Library/Frameworks/UserNotificationsUI.framework; sourceTree = SDKROOT; };
		5A5939151FC0E71D00FF5DA6 /* NotificationViewController.swift */ = {isa = PBXFileReference; lastKnownFileType = sourcecode.swift; path = NotificationViewController.swift; sourceTree = "<group>"; };
		5A5939181FC0E71E00FF5DA6 /* Base */ = {isa = PBXFileReference; lastKnownFileType = file.storyboard; name = Base; path = Base.lproj/MainInterface.storyboard; sourceTree = "<group>"; };
		5A59391A1FC0E71E00FF5DA6 /* Info.plist */ = {isa = PBXFileReference; lastKnownFileType = text.plist.xml; path = Info.plist; sourceTree = "<group>"; };
		5A7428B91FC5D85500D4B57D /* RequestsViewController.swift */ = {isa = PBXFileReference; fileEncoding = 4; lastKnownFileType = sourcecode.swift; path = RequestsViewController.swift; sourceTree = "<group>"; };
		5A8060861FF15E6D007D5700 /* InboxViewController.swift */ = {isa = PBXFileReference; fileEncoding = 4; lastKnownFileType = sourcecode.swift; path = InboxViewController.swift; sourceTree = "<group>"; };
		5A80608A1FF19430007D5700 /* ChatViewController.swift */ = {isa = PBXFileReference; fileEncoding = 4; lastKnownFileType = sourcecode.swift; path = ChatViewController.swift; sourceTree = "<group>"; };
		5A8CF66A1FCE3716007B9340 /* ReviewsViewController.swift */ = {isa = PBXFileReference; fileEncoding = 4; lastKnownFileType = sourcecode.swift; path = ReviewsViewController.swift; sourceTree = "<group>"; };
		5AA06EBE1FF2716600FC2D90 /* customBar.xib */ = {isa = PBXFileReference; fileEncoding = 4; lastKnownFileType = file.xib; path = customBar.xib; sourceTree = "<group>"; };
		5AA06EBF1FF2716600FC2D90 /* CustomBarView.swift */ = {isa = PBXFileReference; fileEncoding = 4; lastKnownFileType = sourcecode.swift; path = CustomBarView.swift; sourceTree = "<group>"; };
		5AB48E942002E34600BAF45F /* CustomOverlayView.swift */ = {isa = PBXFileReference; fileEncoding = 4; lastKnownFileType = sourcecode.swift; path = CustomOverlayView.swift; sourceTree = "<group>"; };
		5AB48E952002E34600BAF45F /* CustomOverlayView.xib */ = {isa = PBXFileReference; fileEncoding = 4; lastKnownFileType = file.xib; path = CustomOverlayView.xib; sourceTree = "<group>"; };
		5AC2C54C200346870008BFB4 /* RequestDialog.xib */ = {isa = PBXFileReference; fileEncoding = 4; lastKnownFileType = file.xib; path = RequestDialog.xib; sourceTree = "<group>"; };
		5AC2C54F20034C850008BFB4 /* EditPhotosViewController.swift */ = {isa = PBXFileReference; fileEncoding = 4; lastKnownFileType = sourcecode.swift; path = EditPhotosViewController.swift; sourceTree = "<group>"; };
		5AC2C55120036EF80008BFB4 /* EditIntoViewController.swift */ = {isa = PBXFileReference; fileEncoding = 4; lastKnownFileType = sourcecode.swift; path = EditIntoViewController.swift; sourceTree = "<group>"; };
		5AC2C553200384B90008BFB4 /* ChangePasswordViewController.swift */ = {isa = PBXFileReference; fileEncoding = 4; lastKnownFileType = sourcecode.swift; path = ChangePasswordViewController.swift; sourceTree = "<group>"; };
		5AC2C55520038AAB0008BFB4 /* SkillsViewController.swift */ = {isa = PBXFileReference; fileEncoding = 4; lastKnownFileType = sourcecode.swift; path = SkillsViewController.swift; sourceTree = "<group>"; };
		5AD715A52003C6E200D24E61 /* SettingsTableViewController.swift */ = {isa = PBXFileReference; fileEncoding = 4; lastKnownFileType = sourcecode.swift; path = SettingsTableViewController.swift; sourceTree = "<group>"; };
		5AD98F431FD71497008F4AA8 /* YoutubeExampleViewController.swift */ = {isa = PBXFileReference; fileEncoding = 4; lastKnownFileType = sourcecode.swift; path = YoutubeExampleViewController.swift; sourceTree = "<group>"; };
		5AD98F451FD734AA008F4AA8 /* ProfileTabsViewController.swift */ = {isa = PBXFileReference; fileEncoding = 4; lastKnownFileType = sourcecode.swift; path = ProfileTabsViewController.swift; sourceTree = "<group>"; };
		5AD98F471FD73858008F4AA8 /* ProfileViewController.swift */ = {isa = PBXFileReference; fileEncoding = 4; lastKnownFileType = sourcecode.swift; path = ProfileViewController.swift; sourceTree = "<group>"; };
		5AD98F4A1FD73AFC008F4AA8 /* AboutViewController.swift */ = {isa = PBXFileReference; fileEncoding = 4; lastKnownFileType = sourcecode.swift; path = AboutViewController.swift; sourceTree = "<group>"; };
		5AD98F4C1FD73B56008F4AA8 /* ReviewsViewControlleBackupr.swift */ = {isa = PBXFileReference; fileEncoding = 4; lastKnownFileType = sourcecode.swift; path = ReviewsViewControlleBackupr.swift; sourceTree = "<group>"; };
		5AD98F4E1FD77845008F4AA8 /* favoritesDialog.xib */ = {isa = PBXFileReference; fileEncoding = 4; lastKnownFileType = file.xib; path = favoritesDialog.xib; sourceTree = "<group>"; };
		5AD98F501FD778F2008F4AA8 /* FavoritesDialogViewController.swift */ = {isa = PBXFileReference; fileEncoding = 4; lastKnownFileType = sourcecode.swift; path = FavoritesDialogViewController.swift; sourceTree = "<group>"; };
		5ADA4AC21FB8A13D00D4D3F3 /* CreateAccountViewController.swift */ = {isa = PBXFileReference; fileEncoding = 4; lastKnownFileType = sourcecode.swift; path = CreateAccountViewController.swift; sourceTree = "<group>"; };
		5ADCAB971FD349A0000062AD /* PhotosViewController.swift */ = {isa = PBXFileReference; fileEncoding = 4; lastKnownFileType = sourcecode.swift; path = PhotosViewController.swift; sourceTree = "<group>"; };
		5ADCAB991FD34B98000062AD /* testing.storyboard */ = {isa = PBXFileReference; fileEncoding = 4; lastKnownFileType = file.storyboard; path = testing.storyboard; sourceTree = "<group>"; };
		5ADCAB9B1FD35089000062AD /* ExampleCollectionViewCell.swift */ = {isa = PBXFileReference; fileEncoding = 4; lastKnownFileType = sourcecode.swift; path = ExampleCollectionViewCell.swift; sourceTree = "<group>"; };
		5ADCABA51FD36B04000062AD /* maintab.swift */ = {isa = PBXFileReference; fileEncoding = 4; lastKnownFileType = sourcecode.swift; path = maintab.swift; sourceTree = "<group>"; };
		5ADCABA71FD36B90000062AD /* ChildExampleViewController.swift */ = {isa = PBXFileReference; fileEncoding = 4; lastKnownFileType = sourcecode.swift; path = ChildExampleViewController.swift; sourceTree = "<group>"; };
		5ADCABA91FD36C63000062AD /* YoutubeIconCell.swift */ = {isa = PBXFileReference; fileEncoding = 4; lastKnownFileType = sourcecode.swift; path = YoutubeIconCell.swift; sourceTree = "<group>"; };
		5ADCABAA1FD36C63000062AD /* YoutubeIconCell.xib */ = {isa = PBXFileReference; fileEncoding = 4; lastKnownFileType = file.xib; path = YoutubeIconCell.xib; sourceTree = "<group>"; };
		5ADF89901FBE1FF700C2FCD3 /* TableViewCell.swift */ = {isa = PBXFileReference; fileEncoding = 4; lastKnownFileType = sourcecode.swift; path = TableViewCell.swift; sourceTree = "<group>"; };
		5ADF89921FBE260300C2FCD3 /* TestingViewController.swift */ = {isa = PBXFileReference; fileEncoding = 4; lastKnownFileType = sourcecode.swift; path = TestingViewController.swift; sourceTree = "<group>"; };
		5ADF89BE1FBE480500C2FCD3 /* DemoCell.swift */ = {isa = PBXFileReference; fileEncoding = 4; lastKnownFileType = sourcecode.swift; path = DemoCell.swift; sourceTree = "<group>"; };
		5AEAE11E1FCE1934001CFD55 /* DemoViewController.swift */ = {isa = PBXFileReference; fileEncoding = 4; lastKnownFileType = sourcecode.swift; path = DemoViewController.swift; sourceTree = "<group>"; };
		5AEAE4401FBB9B48007798EE /* SkyFloatingLabelExtension.swift */ = {isa = PBXFileReference; fileEncoding = 4; lastKnownFileType = sourcecode.swift; path = SkyFloatingLabelExtension.swift; sourceTree = "<group>"; };
		5AEAE4421FBBA58C007798EE /* Tex.swift */ = {isa = PBXFileReference; fileEncoding = 4; lastKnownFileType = sourcecode.swift; path = Tex.swift; sourceTree = "<group>"; };
		BD235A2250E7794A23E8D21B /* Pods-ChedliWeldi2.debug.xcconfig */ = {isa = PBXFileReference; includeInIndex = 1; lastKnownFileType = text.xcconfig; name = "Pods-ChedliWeldi2.debug.xcconfig"; path = "Pods/Target Support Files/Pods-ChedliWeldi2/Pods-ChedliWeldi2.debug.xcconfig"; sourceTree = "<group>"; };
		C938081B4006F4907E99A8CE /* Pods_ChedliWeldi2.framework */ = {isa = PBXFileReference; explicitFileType = wrapper.framework; includeInIndex = 0; path = Pods_ChedliWeldi2.framework; sourceTree = BUILT_PRODUCTS_DIR; };
/* End PBXFileReference section */

/* Begin PBXFrameworksBuildPhase section */
		5A00237B1FB8849000314156 /* Frameworks */ = {
			isa = PBXFrameworksBuildPhase;
			buildActionMask = 2147483647;
			files = (
				3579E74D0AD465DAE096ED59 /* Pods_ChedliWeldi2.framework in Frameworks */,
			);
			runOnlyForDeploymentPostprocessing = 0;
		};
		5A59390C1FC0E71D00FF5DA6 /* Frameworks */ = {
			isa = PBXFrameworksBuildPhase;
			buildActionMask = 2147483647;
			files = (
				5A5939131FC0E71D00FF5DA6 /* UserNotificationsUI.framework in Frameworks */,
				5A5939111FC0E71D00FF5DA6 /* UserNotifications.framework in Frameworks */,
			);
			runOnlyForDeploymentPostprocessing = 0;
		};
/* End PBXFrameworksBuildPhase section */

/* Begin PBXGroup section */
		0F3C012120018056002AE7B3 /* Model */ = {
			isa = PBXGroup;
			children = (
				0F3C012220018056002AE7B3 /* ContentType.swift */,
				0FDE30592002760700D4DEFB /* Task.swift */,
			);
			path = Model;
			sourceTree = "<group>";
		};
		0F3C0124200180A4002AE7B3 /* Extension */ = {
			isa = PBXGroup;
			children = (
				0F3C0125200180A4002AE7B3 /* UITableViewCell.swift */,
			);
			path = Extension;
			sourceTree = "<group>";
		};
		5A0023751FB8849000314156 = {
			isa = PBXGroup;
			children = (
				5A0023801FB8849000314156 /* ChedliWeldi2 */,
				5A5939141FC0E71D00FF5DA6 /* notification */,
				5A00237F1FB8849000314156 /* Products */,
				614988711757281ED03ECD55 /* Pods */,
				DC08FF4DE3C7CB1BADEF01A7 /* Frameworks */,
			);
			sourceTree = "<group>";
		};
		5A00237F1FB8849000314156 /* Products */ = {
			isa = PBXGroup;
			children = (
				5A00237E1FB8849000314156 /* ChedliWeldi2.app */,
				5A59390F1FC0E71D00FF5DA6 /* notification.appex */,
			);
			name = Products;
			sourceTree = "<group>";
		};
		5A0023801FB8849000314156 /* ChedliWeldi2 */ = {
			isa = PBXGroup;
			children = (
				5AC2C54E20034BF80008BFB4 /* accout */,
				5A115C3120015A7C006A8F7B /* DateExtension.swift */,
				5A0F0D1B2000EDE100E76CEF /* ViewCorner.swift */,
				5A0F0D1A2000E80300E76CEF /* common */,
				5A0F0D192000E7F300E76CEF /* parent */,
				5A8060851FF15945007D5700 /* message */,
				5A583B371FE06A63002E3372 /* InterfaceBuilderViewController.swift */,
				5AD98F491FD73AE4008F4AA8 /* profile */,
				5ADCABA41FD36AB2000062AD /* profileTabs */,
				5A59390A1FC0C44500FF5DA6 /* ChedliWeldi2.entitlements */,
				5A0023811FB8849000314156 /* AppDelegate.swift */,
				5A0F0D182000E7E200E76CEF /* babysitter */,
				5A0F0D2320010A6A00E76CEF /* CollectionViewController.swift */,
				5AD98F471FD73858008F4AA8 /* ProfileViewController.swift */,
				5ADCAB991FD34B98000062AD /* testing.storyboard */,
				5A2850C520041E1F004C8C53 /* Main.storyboard */,
				5ADCAB9B1FD35089000062AD /* ExampleCollectionViewCell.swift */,
				5AD98F4C1FD73B56008F4AA8 /* ReviewsViewControlleBackupr.swift */,
				5AC2C54C200346870008BFB4 /* RequestDialog.xib */,
				5A071ED31FC5ED9D00B9411A /* RequestDialogViewController.swift */,
				5AD98F501FD778F2008F4AA8 /* FavoritesDialogViewController.swift */,
				5A06F9111FCE15E40029B99A /* RatingDialogViewController.swift */,
				5A0023961FB8873100314156 /* SignUpTypeViewController.swift */,
				5AD98F4E1FD77845008F4AA8 /* favoritesDialog.xib */,
				5A06F90F1FCE0D860029B99A /* RatingDialog.xib */,
				5A00238B1FB8849000314156 /* Assets.xcassets */,
				5A00238D1FB8849000314156 /* LaunchScreen.storyboard */,
				5A0023901FB8849000314156 /* Info.plist */,
				5A0023881FB8849000314156 /* ChedliWeldi2.xcdatamodeld */,
				5AEAE4401FBB9B48007798EE /* SkyFloatingLabelExtension.swift */,
				5ADF89BE1FBE480500C2FCD3 /* DemoCell.swift */,
				5AEAE4421FBBA58C007798EE /* Tex.swift */,
				5ADF89901FBE1FF700C2FCD3 /* TableViewCell.swift */,
				5ADF89921FBE260300C2FCD3 /* TestingViewController.swift */,
				5A4E80E120041A59003EA9C2 /* OffersViewController.swift */,
				5A4AC4841FC4A2B800A1B989 /* MyOffersViewController.swift */,
				5A115C3D20019083006A8F7B /* MyPrivateOffersViewController.swift */,
				5A115C3920018379006A8F7B /* ScheduledBabysitterOfferViewController.swift */,
				5A115C3A20018379006A8F7B /* ScheduledParentOfferViewController.swift */,
				5A115C3F2001911C006A8F7B /* PrivateOfferRequestViewController.swift */,
				5A7428B91FC5D85500D4B57D /* RequestsViewController.swift */,
				5AEAE11E1FCE1934001CFD55 /* DemoViewController.swift */,
				5A0F0D212000FF2900E76CEF /* MyOfferCollectionViewController.swift */,
				5A0F0D2520012F6900E76CEF /* PrivateOfferViewController.swift */,
			);
			path = ChedliWeldi2;
			sourceTree = "<group>";
		};
		5A0F0D182000E7E200E76CEF /* babysitter */ = {
			isa = PBXGroup;
			children = (
			);
			name = babysitter;
			sourceTree = "<group>";
		};
		5A0F0D192000E7F300E76CEF /* parent */ = {
			isa = PBXGroup;
			children = (
				0F3C0124200180A4002AE7B3 /* Extension */,
				0F3C012120018056002AE7B3 /* Model */,
				0FAB7A352002E9F600FECD1F /* Example-Swift-Bridging-Header.h */,
				0F671029200120C20016F173 /* BabysitterFolding.xib */,
				0F67101D200107BE0016F173 /* ParentStoryboard.storyboard */,
				0F67102120010AE40016F173 /* BabysitterListViewController.swift */,
				0F67102D200148B50016F173 /* Location.gpx */,
				0F67102320010B0A0016F173 /* MapViewController.swift */,
				0F67102720011FD20016F173 /* BabysitterCell.swift */,
				0F67102B200139B20016F173 /* BabySitterPin.swift */,
				0F3C011120015F64002AE7B3 /* MyJobPreferencesViewController.xib */,
				0F3C010F20015EE8002AE7B3 /* AddJobViewController.swift */,
				0F3C01132001767B002AE7B3 /* TaskListViewController.swift */,
				0F3C01272001810E002AE7B3 /* MenuViewController.swift */,
				0F3C012920018457002AE7B3 /* HomeMenuViewController.swift */,
				0F3C012B2001853C002AE7B3 /* TabsViewController.swift */,
				0FDE305520025B6700D4DEFB /* OneTaskCell.xib */,
				0FDE305B200279DE00D4DEFB /* TaskTableViewCell.swift */,
				0FDE30572002716500D4DEFB /* AddTaskViewController.swift */,
				0FDE305D2002943900D4DEFB /* OngoingViewController.swift */,
				0FD8E76A2003E27600A385CC /* YalFoldingViewController.swift */,
			);
			name = parent;
			sourceTree = "<group>";
		};
		5A0F0D1A2000E80300E76CEF /* common */ = {
			isa = PBXGroup;
			children = (
				0FE9B3DE2003C351005AB7F9 /* fontawesome-webfont.ttf */,
				0FDE30652002AC3500D4DEFB /* LoginStoryboard.storyboard */,
				0FDE30672002AC4200D4DEFB /* LoginViewController.swift */,
			);
			name = common;
			sourceTree = "<group>";
		};
		5A5939141FC0E71D00FF5DA6 /* notification */ = {
			isa = PBXGroup;
			children = (
				5A5939151FC0E71D00FF5DA6 /* NotificationViewController.swift */,
				5A5939171FC0E71E00FF5DA6 /* MainInterface.storyboard */,
				5A59391A1FC0E71E00FF5DA6 /* Info.plist */,
			);
			path = notification;
			sourceTree = "<group>";
		};
		5A8060851FF15945007D5700 /* message */ = {
			isa = PBXGroup;
			children = (
				5AA06EBE1FF2716600FC2D90 /* customBar.xib */,
				5AA06EBF1FF2716600FC2D90 /* CustomBarView.swift */,
				5A8060861FF15E6D007D5700 /* InboxViewController.swift */,
				5A80608A1FF19430007D5700 /* ChatViewController.swift */,
			);
			name = message;
			sourceTree = "<group>";
		};
		5AC2C54E20034BF80008BFB4 /* accout */ = {
			isa = PBXGroup;
			children = (
				5A4E80DF20040C0F003EA9C2 /* SignUpViewController.swift */,
				5A2335401FBBB55E00EFEC12 /* CreateProfileViewController.swift */,
				5ADA4AC21FB8A13D00D4D3F3 /* CreateAccountViewController.swift */,
				5AD715A52003C6E200D24E61 /* SettingsTableViewController.swift */,
				5AC2C54F20034C850008BFB4 /* EditPhotosViewController.swift */,
				5AC2C553200384B90008BFB4 /* ChangePasswordViewController.swift */,
				5AB48E942002E34600BAF45F /* CustomOverlayView.swift */,
				5AB48E952002E34600BAF45F /* CustomOverlayView.xib */,
				5AC2C55520038AAB0008BFB4 /* SkillsViewController.swift */,
				5AC2C55120036EF80008BFB4 /* EditIntoViewController.swift */,
			);
			name = accout;
			sourceTree = "<group>";
		};
		5AD98F491FD73AE4008F4AA8 /* profile */ = {
			isa = PBXGroup;
			children = (
				5ADCAB971FD349A0000062AD /* PhotosViewController.swift */,
				5AD98F4A1FD73AFC008F4AA8 /* AboutViewController.swift */,
				5A8CF66A1FCE3716007B9340 /* ReviewsViewController.swift */,
			);
			name = profile;
			sourceTree = "<group>";
		};
		5ADCABA41FD36AB2000062AD /* profileTabs */ = {
			isa = PBXGroup;
			children = (
				5AD98F431FD71497008F4AA8 /* YoutubeExampleViewController.swift */,
				5ADCABA91FD36C63000062AD /* YoutubeIconCell.swift */,
				5ADCABAA1FD36C63000062AD /* YoutubeIconCell.xib */,
				5ADCABA71FD36B90000062AD /* ChildExampleViewController.swift */,
				5ADCABA51FD36B04000062AD /* maintab.swift */,
				5AD98F451FD734AA008F4AA8 /* ProfileTabsViewController.swift */,
			);
			name = profileTabs;
			sourceTree = "<group>";
		};
		614988711757281ED03ECD55 /* Pods */ = {
			isa = PBXGroup;
			children = (
				BD235A2250E7794A23E8D21B /* Pods-ChedliWeldi2.debug.xcconfig */,
				04DD358DCC04340B72098936 /* Pods-ChedliWeldi2.release.xcconfig */,
			);
			name = Pods;
			sourceTree = "<group>";
		};
		DC08FF4DE3C7CB1BADEF01A7 /* Frameworks */ = {
			isa = PBXGroup;
			children = (
				C938081B4006F4907E99A8CE /* Pods_ChedliWeldi2.framework */,
				5A5939101FC0E71D00FF5DA6 /* UserNotifications.framework */,
				5A5939121FC0E71D00FF5DA6 /* UserNotificationsUI.framework */,
			);
			name = Frameworks;
			sourceTree = "<group>";
		};
/* End PBXGroup section */

/* Begin PBXNativeTarget section */
		5A00237D1FB8849000314156 /* ChedliWeldi2 */ = {
			isa = PBXNativeTarget;
			buildConfigurationList = 5A0023931FB8849000314156 /* Build configuration list for PBXNativeTarget "ChedliWeldi2" */;
			buildPhases = (
				32C2550DDF2090FFB4D8B850 /* [CP] Check Pods Manifest.lock */,
				5A00237A1FB8849000314156 /* Sources */,
				5A00237B1FB8849000314156 /* Frameworks */,
				5A00237C1FB8849000314156 /* Resources */,
				1ACC0D670088A3E7E76CD19D /* [CP] Embed Pods Frameworks */,
				90D9922C4A22DE769643E8A5 /* [CP] Copy Pods Resources */,
				5A5939211FC0E71E00FF5DA6 /* Embed App Extensions */,
			);
			buildRules = (
			);
			dependencies = (
				5A59391C1FC0E71E00FF5DA6 /* PBXTargetDependency */,
			);
			name = ChedliWeldi2;
			productName = ChedliWeldi2;
			productReference = 5A00237E1FB8849000314156 /* ChedliWeldi2.app */;
			productType = "com.apple.product-type.application";
		};
		5A59390E1FC0E71D00FF5DA6 /* notification */ = {
			isa = PBXNativeTarget;
			buildConfigurationList = 5A59391E1FC0E71E00FF5DA6 /* Build configuration list for PBXNativeTarget "notification" */;
			buildPhases = (
				5A59390B1FC0E71D00FF5DA6 /* Sources */,
				5A59390C1FC0E71D00FF5DA6 /* Frameworks */,
				5A59390D1FC0E71D00FF5DA6 /* Resources */,
			);
			buildRules = (
			);
			dependencies = (
			);
			name = notification;
			productName = notification;
			productReference = 5A59390F1FC0E71D00FF5DA6 /* notification.appex */;
			productType = "com.apple.product-type.app-extension";
		};
/* End PBXNativeTarget section */

/* Begin PBXProject section */
		5A0023761FB8849000314156 /* Project object */ = {
			isa = PBXProject;
			attributes = {
				LastSwiftUpdateCheck = 0830;
				LastUpgradeCheck = 0830;
				ORGANIZATIONNAME = Esprit;
				TargetAttributes = {
					5A00237D1FB8849000314156 = {
						CreatedOnToolsVersion = 8.3.3;
						DevelopmentTeam = G96V29LG5G;
						ProvisioningStyle = Manual;
						SystemCapabilities = {
							com.apple.Push = {
								enabled = 1;
							};
						};
					};
					5A59390E1FC0E71D00FF5DA6 = {
						CreatedOnToolsVersion = 8.3.3;
						DevelopmentTeam = G96V29LG5G;
						ProvisioningStyle = Automatic;
					};
				};
			};
			buildConfigurationList = 5A0023791FB8849000314156 /* Build configuration list for PBXProject "ChedliWeldi2" */;
			compatibilityVersion = "Xcode 3.2";
			developmentRegion = English;
			hasScannedForEncodings = 0;
			knownRegions = (
				en,
				Base,
			);
			mainGroup = 5A0023751FB8849000314156;
			productRefGroup = 5A00237F1FB8849000314156 /* Products */;
			projectDirPath = "";
			projectRoot = "";
			targets = (
				5A00237D1FB8849000314156 /* ChedliWeldi2 */,
				5A59390E1FC0E71D00FF5DA6 /* notification */,
			);
		};
/* End PBXProject section */

/* Begin PBXResourcesBuildPhase section */
		5A00237C1FB8849000314156 /* Resources */ = {
			isa = PBXResourcesBuildPhase;
			buildActionMask = 2147483647;
			files = (
				5A4E80DB2003FFDC003EA9C2 /* LoginStoryboard.storyboard in Resources */,
				0F67102A200120C20016F173 /* BabysitterFolding.xib in Resources */,
				5A00238F1FB8849000314156 /* LaunchScreen.storyboard in Resources */,
				5A06F9101FCE0D860029B99A /* RatingDialog.xib in Resources */,
				5AB48E972002E34600BAF45F /* CustomOverlayView.xib in Resources */,
				5A00238C1FB8849000314156 /* Assets.xcassets in Resources */,
				0F67101E200107BE0016F173 /* ParentStoryboard.storyboard in Resources */,
				0F3C011220015F64002AE7B3 /* MyJobPreferencesViewController.xib in Resources */,
				5ADCAB9A1FD34B98000062AD /* testing.storyboard in Resources */,
				0FDE305620025B6700D4DEFB /* OneTaskCell.xib in Resources */,
				5ADCABAC1FD36C63000062AD /* YoutubeIconCell.xib in Resources */,
				5A2850C620041E1F004C8C53 /* Main.storyboard in Resources */,
				5AC2C54D200346870008BFB4 /* RequestDialog.xib in Resources */,
				5A4E80DC20040033003EA9C2 /* fontawesome-webfont.ttf in Resources */,
				5AA06EC01FF2716600FC2D90 /* customBar.xib in Resources */,
				5AD98F4F1FD77845008F4AA8 /* favoritesDialog.xib in Resources */,
			);
			runOnlyForDeploymentPostprocessing = 0;
		};
		5A59390D1FC0E71D00FF5DA6 /* Resources */ = {
			isa = PBXResourcesBuildPhase;
			buildActionMask = 2147483647;
			files = (
				5A5939191FC0E71E00FF5DA6 /* MainInterface.storyboard in Resources */,
			);
			runOnlyForDeploymentPostprocessing = 0;
		};
/* End PBXResourcesBuildPhase section */

/* Begin PBXShellScriptBuildPhase section */
		1ACC0D670088A3E7E76CD19D /* [CP] Embed Pods Frameworks */ = {
			isa = PBXShellScriptBuildPhase;
			buildActionMask = 2147483647;
			files = (
			);
			inputPaths = (
				"${SRCROOT}/Pods/Target Support Files/Pods-ChedliWeldi2/Pods-ChedliWeldi2-frameworks.sh",
				"${BUILT_PRODUCTS_DIR}/Alamofire/Alamofire.framework",
				"${BUILT_PRODUCTS_DIR}/AsyncDisplayKit/AsyncDisplayKit.framework",
				"${BUILT_PRODUCTS_DIR}/Cosmos/Cosmos.framework",
				"${BUILT_PRODUCTS_DIR}/DatePickerDialog/DatePickerDialog.framework",
				"${BUILT_PRODUCTS_DIR}/EasyNotificationBadge/EasyNotificationBadge.framework",
				"${BUILT_PRODUCTS_DIR}/FSCalendar/FSCalendar.framework",
				"${BUILT_PRODUCTS_DIR}/FoldingCell/FoldingCell.framework",
				"${BUILT_PRODUCTS_DIR}/FoldingTabBar/FoldingTabBar.framework",
				"${BUILT_PRODUCTS_DIR}/INSNibLoading/INSNibLoading.framework",
				"${BUILT_PRODUCTS_DIR}/INSPhotoGallery/INSPhotoGallery.framework",
				"${BUILT_PRODUCTS_DIR}/Kingfisher/Kingfisher.framework",
				"${BUILT_PRODUCTS_DIR}/NMessenger/NMessenger.framework",
				"${BUILT_PRODUCTS_DIR}/PINCache/PINCache.framework",
				"${BUILT_PRODUCTS_DIR}/PINOperation/PINOperation.framework",
				"${BUILT_PRODUCTS_DIR}/PINRemoteImage/PINRemoteImage.framework",
				"${BUILT_PRODUCTS_DIR}/PopupDialog/PopupDialog.framework",
				"${BUILT_PRODUCTS_DIR}/RAMAnimatedTabBarController/RAMAnimatedTabBarController.framework",
				"${BUILT_PRODUCTS_DIR}/SimulatorRemoteNotifications/SimulatorRemoteNotifications.framework",
				"${BUILT_PRODUCTS_DIR}/SkyFloatingLabelTextField/SkyFloatingLabelTextField.framework",
				"${BUILT_PRODUCTS_DIR}/SwiftyJSON/SwiftyJSON.framework",
				"${BUILT_PRODUCTS_DIR}/TagListView/TagListView.framework",
				"${BUILT_PRODUCTS_DIR}/TransitionButton/TransitionButton.framework",
				"${BUILT_PRODUCTS_DIR}/UIFloatLabelTextField/UIFloatLabelTextField.framework",
				"${BUILT_PRODUCTS_DIR}/XLPagerTabStrip/XLPagerTabStrip.framework",
				"${BUILT_PRODUCTS_DIR}/YALSideMenu/SideMenu.framework",
			);
			name = "[CP] Embed Pods Frameworks";
			outputPaths = (
				"${TARGET_BUILD_DIR}/${FRAMEWORKS_FOLDER_PATH}/Alamofire.framework",
				"${TARGET_BUILD_DIR}/${FRAMEWORKS_FOLDER_PATH}/AsyncDisplayKit.framework",
				"${TARGET_BUILD_DIR}/${FRAMEWORKS_FOLDER_PATH}/Cosmos.framework",
				"${TARGET_BUILD_DIR}/${FRAMEWORKS_FOLDER_PATH}/DatePickerDialog.framework",
				"${TARGET_BUILD_DIR}/${FRAMEWORKS_FOLDER_PATH}/EasyNotificationBadge.framework",
				"${TARGET_BUILD_DIR}/${FRAMEWORKS_FOLDER_PATH}/FSCalendar.framework",
				"${TARGET_BUILD_DIR}/${FRAMEWORKS_FOLDER_PATH}/FoldingCell.framework",
				"${TARGET_BUILD_DIR}/${FRAMEWORKS_FOLDER_PATH}/FoldingTabBar.framework",
				"${TARGET_BUILD_DIR}/${FRAMEWORKS_FOLDER_PATH}/INSNibLoading.framework",
				"${TARGET_BUILD_DIR}/${FRAMEWORKS_FOLDER_PATH}/INSPhotoGallery.framework",
				"${TARGET_BUILD_DIR}/${FRAMEWORKS_FOLDER_PATH}/Kingfisher.framework",
				"${TARGET_BUILD_DIR}/${FRAMEWORKS_FOLDER_PATH}/NMessenger.framework",
				"${TARGET_BUILD_DIR}/${FRAMEWORKS_FOLDER_PATH}/PINCache.framework",
				"${TARGET_BUILD_DIR}/${FRAMEWORKS_FOLDER_PATH}/PINOperation.framework",
				"${TARGET_BUILD_DIR}/${FRAMEWORKS_FOLDER_PATH}/PINRemoteImage.framework",
				"${TARGET_BUILD_DIR}/${FRAMEWORKS_FOLDER_PATH}/PopupDialog.framework",
				"${TARGET_BUILD_DIR}/${FRAMEWORKS_FOLDER_PATH}/RAMAnimatedTabBarController.framework",
				"${TARGET_BUILD_DIR}/${FRAMEWORKS_FOLDER_PATH}/SimulatorRemoteNotifications.framework",
				"${TARGET_BUILD_DIR}/${FRAMEWORKS_FOLDER_PATH}/SkyFloatingLabelTextField.framework",
				"${TARGET_BUILD_DIR}/${FRAMEWORKS_FOLDER_PATH}/SwiftyJSON.framework",
				"${TARGET_BUILD_DIR}/${FRAMEWORKS_FOLDER_PATH}/TagListView.framework",
				"${TARGET_BUILD_DIR}/${FRAMEWORKS_FOLDER_PATH}/TransitionButton.framework",
				"${TARGET_BUILD_DIR}/${FRAMEWORKS_FOLDER_PATH}/UIFloatLabelTextField.framework",
				"${TARGET_BUILD_DIR}/${FRAMEWORKS_FOLDER_PATH}/XLPagerTabStrip.framework",
				"${TARGET_BUILD_DIR}/${FRAMEWORKS_FOLDER_PATH}/SideMenu.framework",
			);
			runOnlyForDeploymentPostprocessing = 0;
			shellPath = /bin/sh;
			shellScript = "\"${SRCROOT}/Pods/Target Support Files/Pods-ChedliWeldi2/Pods-ChedliWeldi2-frameworks.sh\"\n";
			showEnvVarsInLog = 0;
		};
		32C2550DDF2090FFB4D8B850 /* [CP] Check Pods Manifest.lock */ = {
			isa = PBXShellScriptBuildPhase;
			buildActionMask = 2147483647;
			files = (
			);
			inputPaths = (
				"${PODS_PODFILE_DIR_PATH}/Podfile.lock",
				"${PODS_ROOT}/Manifest.lock",
			);
			name = "[CP] Check Pods Manifest.lock";
			outputPaths = (
				"$(DERIVED_FILE_DIR)/Pods-ChedliWeldi2-checkManifestLockResult.txt",
			);
			runOnlyForDeploymentPostprocessing = 0;
			shellPath = /bin/sh;
			shellScript = "diff \"${PODS_PODFILE_DIR_PATH}/Podfile.lock\" \"${PODS_ROOT}/Manifest.lock\" > /dev/null\nif [ $? != 0 ] ; then\n    # print error to STDERR\n    echo \"error: The sandbox is not in sync with the Podfile.lock. Run 'pod install' or update your CocoaPods installation.\" >&2\n    exit 1\nfi\n# This output is used by Xcode 'outputs' to avoid re-running this script phase.\necho \"SUCCESS\" > \"${SCRIPT_OUTPUT_FILE_0}\"\n";
			showEnvVarsInLog = 0;
		};
		90D9922C4A22DE769643E8A5 /* [CP] Copy Pods Resources */ = {
			isa = PBXShellScriptBuildPhase;
			buildActionMask = 2147483647;
			files = (
			);
			inputPaths = (
			);
			name = "[CP] Copy Pods Resources";
			outputPaths = (
			);
			runOnlyForDeploymentPostprocessing = 0;
			shellPath = /bin/sh;
			shellScript = "\"${SRCROOT}/Pods/Target Support Files/Pods-ChedliWeldi2/Pods-ChedliWeldi2-resources.sh\"\n";
			showEnvVarsInLog = 0;
		};
/* End PBXShellScriptBuildPhase section */

/* Begin PBXSourcesBuildPhase section */
		5A00237A1FB8849000314156 /* Sources */ = {
			isa = PBXSourcesBuildPhase;
			buildActionMask = 2147483647;
			files = (
				5A4E80E020040C0F003EA9C2 /* SignUpViewController.swift in Sources */,
				5A0F0D2420010A6A00E76CEF /* CollectionViewController.swift in Sources */,
				5AD98F441FD71497008F4AA8 /* YoutubeExampleViewController.swift in Sources */,
				5ADCABA81FD36B90000062AD /* ChildExampleViewController.swift in Sources */,
				5AC2C55620038AAB0008BFB4 /* SkillsViewController.swift in Sources */,
				5A4E80D82003FAD0003EA9C2 /* HomeMenuViewController.swift in Sources */,
				5A115C402001911C006A8F7B /* PrivateOfferRequestViewController.swift in Sources */,
				5ADA4AC31FB8A13D00D4D3F3 /* CreateAccountViewController.swift in Sources */,
				5A4E80D92003FAD5003EA9C2 /* MenuViewController.swift in Sources */,
				0F67102820011FD20016F173 /* BabysitterCell.swift in Sources */,
				5AD98F4D1FD73B56008F4AA8 /* ReviewsViewControlleBackupr.swift in Sources */,
				5A115C3220015A7C006A8F7B /* DateExtension.swift in Sources */,
				5A2335411FBBB55E00EFEC12 /* CreateProfileViewController.swift in Sources */,
				5A0023971FB8873100314156 /* SignUpTypeViewController.swift in Sources */,
				5AEAE11F1FCE1934001CFD55 /* DemoViewController.swift in Sources */,
				5AD98F481FD73858008F4AA8 /* ProfileViewController.swift in Sources */,
				5A4E80D62003FA88003EA9C2 /* BabySitterPin.swift in Sources */,
				5A4E80D72003FABA003EA9C2 /* OngoingViewController.swift in Sources */,
				0FDE305C200279DE00D4DEFB /* TaskTableViewCell.swift in Sources */,
				5A4AC4851FC4A2B800A1B989 /* MyOffersViewController.swift in Sources */,
				0FDE305A2002760700D4DEFB /* Task.swift in Sources */,
				5AA06EC11FF2716600FC2D90 /* CustomBarView.swift in Sources */,
				5ADF89BF1FBE480500C2FCD3 /* DemoCell.swift in Sources */,
				0F3C012320018056002AE7B3 /* ContentType.swift in Sources */,
				0F67102220010AE40016F173 /* BabysitterListViewController.swift in Sources */,
				5ADF89931FBE260300C2FCD3 /* TestingViewController.swift in Sources */,
				5A4E80DA2003FB10003EA9C2 /* UITableViewCell.swift in Sources */,
				5AC2C55020034C850008BFB4 /* EditPhotosViewController.swift in Sources */,
				5AD98F4B1FD73AFC008F4AA8 /* AboutViewController.swift in Sources */,
				5A80608B1FF19430007D5700 /* ChatViewController.swift in Sources */,
				5AB48E962002E34600BAF45F /* CustomOverlayView.swift in Sources */,
				5AC2C55220036EF80008BFB4 /* EditIntoViewController.swift in Sources */,
				5AD98F461FD734AA008F4AA8 /* ProfileTabsViewController.swift in Sources */,
				5A00238A1FB8849000314156 /* ChedliWeldi2.xcdatamodeld in Sources */,
				0FDE30682002AC4200D4DEFB /* LoginViewController.swift in Sources */,
				5ADCAB981FD349A0000062AD /* PhotosViewController.swift in Sources */,
				5A0F0D2620012F6A00E76CEF /* PrivateOfferViewController.swift in Sources */,
				5A06F9121FCE15E40029B99A /* RatingDialogViewController.swift in Sources */,
				5A115C3B20018379006A8F7B /* ScheduledBabysitterOfferViewController.swift in Sources */,
				5ADCAB9C1FD35089000062AD /* ExampleCollectionViewCell.swift in Sources */,
				0FDE30582002716500D4DEFB /* AddTaskViewController.swift in Sources */,
				5A8060871FF15E6D007D5700 /* InboxViewController.swift in Sources */,
				5ADCABAB1FD36C63000062AD /* YoutubeIconCell.swift in Sources */,
				5A115C3E20019083006A8F7B /* MyPrivateOffersViewController.swift in Sources */,
				5ADF89911FBE1FF700C2FCD3 /* TableViewCell.swift in Sources */,
				5A7428BA1FC5D85500D4B57D /* RequestsViewController.swift in Sources */,
				5AEAE4431FBBA58C007798EE /* Tex.swift in Sources */,
				5A071ED41FC5ED9D00B9411A /* RequestDialogViewController.swift in Sources */,
				5AEAE4411FBB9B48007798EE /* SkyFloatingLabelExtension.swift in Sources */,
				0F3C01142001767B002AE7B3 /* TaskListViewController.swift in Sources */,
				5A0023821FB8849000314156 /* AppDelegate.swift in Sources */,
				5A0F0D222000FF2900E76CEF /* MyOfferCollectionViewController.swift in Sources */,
				5A583B381FE06A63002E3372 /* InterfaceBuilderViewController.swift in Sources */,
				5A0F0D1C2000EDE100E76CEF /* ViewCorner.swift in Sources */,
				0F67102420010B0A0016F173 /* MapViewController.swift in Sources */,
				0F3C011020015EE8002AE7B3 /* AddJobViewController.swift in Sources */,
				0FD8E76B2003E27600A385CC /* YalFoldingViewController.swift in Sources */,
				5ADCABA61FD36B04000062AD /* maintab.swift in Sources */,
				0F3C012C2001853C002AE7B3 /* TabsViewController.swift in Sources */,
				5A4E80E220041A59003EA9C2 /* OffersViewController.swift in Sources */,
				5AD98F511FD778F2008F4AA8 /* FavoritesDialogViewController.swift in Sources */,
				5AD715A62003C6E200D24E61 /* SettingsTableViewController.swift in Sources */,
				5A8CF66B1FCE3716007B9340 /* ReviewsViewController.swift in Sources */,
				5A115C3C20018379006A8F7B /* ScheduledParentOfferViewController.swift in Sources */,
				5AC2C554200384B90008BFB4 /* ChangePasswordViewController.swift in Sources */,
			);
			runOnlyForDeploymentPostprocessing = 0;
		};
		5A59390B1FC0E71D00FF5DA6 /* Sources */ = {
			isa = PBXSourcesBuildPhase;
			buildActionMask = 2147483647;
			files = (
				5A5939161FC0E71D00FF5DA6 /* NotificationViewController.swift in Sources */,
			);
			runOnlyForDeploymentPostprocessing = 0;
		};
/* End PBXSourcesBuildPhase section */

/* Begin PBXTargetDependency section */
		5A59391C1FC0E71E00FF5DA6 /* PBXTargetDependency */ = {
			isa = PBXTargetDependency;
			target = 5A59390E1FC0E71D00FF5DA6 /* notification */;
			targetProxy = 5A59391B1FC0E71E00FF5DA6 /* PBXContainerItemProxy */;
		};
/* End PBXTargetDependency section */

/* Begin PBXVariantGroup section */
		5A00238D1FB8849000314156 /* LaunchScreen.storyboard */ = {
			isa = PBXVariantGroup;
			children = (
				5A00238E1FB8849000314156 /* Base */,
			);
			name = LaunchScreen.storyboard;
			sourceTree = "<group>";
		};
		5A5939171FC0E71E00FF5DA6 /* MainInterface.storyboard */ = {
			isa = PBXVariantGroup;
			children = (
				5A5939181FC0E71E00FF5DA6 /* Base */,
			);
			name = MainInterface.storyboard;
			sourceTree = "<group>";
		};
/* End PBXVariantGroup section */

/* Begin XCBuildConfiguration section */
		5A0023911FB8849000314156 /* Debug */ = {
			isa = XCBuildConfiguration;
			buildSettings = {
				ALWAYS_SEARCH_USER_PATHS = NO;
				CLANG_ANALYZER_NONNULL = YES;
				CLANG_ANALYZER_NUMBER_OBJECT_CONVERSION = YES_AGGRESSIVE;
				CLANG_CXX_LANGUAGE_STANDARD = "gnu++0x";
				CLANG_CXX_LIBRARY = "libc++";
				CLANG_ENABLE_MODULES = YES;
				CLANG_ENABLE_OBJC_ARC = YES;
				CLANG_WARN_BOOL_CONVERSION = YES;
				CLANG_WARN_CONSTANT_CONVERSION = YES;
				CLANG_WARN_DIRECT_OBJC_ISA_USAGE = YES_ERROR;
				CLANG_WARN_DOCUMENTATION_COMMENTS = YES;
				CLANG_WARN_EMPTY_BODY = YES;
				CLANG_WARN_ENUM_CONVERSION = YES;
				CLANG_WARN_INFINITE_RECURSION = YES;
				CLANG_WARN_INT_CONVERSION = YES;
				CLANG_WARN_OBJC_ROOT_CLASS = YES_ERROR;
				CLANG_WARN_SUSPICIOUS_MOVE = YES;
				CLANG_WARN_UNREACHABLE_CODE = YES;
				CLANG_WARN__DUPLICATE_METHOD_MATCH = YES;
				"CODE_SIGN_IDENTITY[sdk=iphoneos*]" = "iPhone Developer";
				COPY_PHASE_STRIP = NO;
				DEBUG_INFORMATION_FORMAT = dwarf;
				ENABLE_STRICT_OBJC_MSGSEND = YES;
				ENABLE_TESTABILITY = YES;
				GCC_C_LANGUAGE_STANDARD = gnu99;
				GCC_DYNAMIC_NO_PIC = NO;
				GCC_NO_COMMON_BLOCKS = YES;
				GCC_OPTIMIZATION_LEVEL = 0;
				GCC_PREPROCESSOR_DEFINITIONS = (
					"DEBUG=1",
					"$(inherited)",
				);
				GCC_WARN_64_TO_32_BIT_CONVERSION = YES;
				GCC_WARN_ABOUT_RETURN_TYPE = YES_ERROR;
				GCC_WARN_UNDECLARED_SELECTOR = YES;
				GCC_WARN_UNINITIALIZED_AUTOS = YES_AGGRESSIVE;
				GCC_WARN_UNUSED_FUNCTION = YES;
				GCC_WARN_UNUSED_VARIABLE = YES;
				IPHONEOS_DEPLOYMENT_TARGET = 10.3;
				MTL_ENABLE_DEBUG_INFO = YES;
				ONLY_ACTIVE_ARCH = YES;
				SDKROOT = iphoneos;
				SWIFT_ACTIVE_COMPILATION_CONDITIONS = DEBUG;
				SWIFT_OPTIMIZATION_LEVEL = "-Onone";
			};
			name = Debug;
		};
		5A0023921FB8849000314156 /* Release */ = {
			isa = XCBuildConfiguration;
			buildSettings = {
				ALWAYS_SEARCH_USER_PATHS = NO;
				CLANG_ANALYZER_NONNULL = YES;
				CLANG_ANALYZER_NUMBER_OBJECT_CONVERSION = YES_AGGRESSIVE;
				CLANG_CXX_LANGUAGE_STANDARD = "gnu++0x";
				CLANG_CXX_LIBRARY = "libc++";
				CLANG_ENABLE_MODULES = YES;
				CLANG_ENABLE_OBJC_ARC = YES;
				CLANG_WARN_BOOL_CONVERSION = YES;
				CLANG_WARN_CONSTANT_CONVERSION = YES;
				CLANG_WARN_DIRECT_OBJC_ISA_USAGE = YES_ERROR;
				CLANG_WARN_DOCUMENTATION_COMMENTS = YES;
				CLANG_WARN_EMPTY_BODY = YES;
				CLANG_WARN_ENUM_CONVERSION = YES;
				CLANG_WARN_INFINITE_RECURSION = YES;
				CLANG_WARN_INT_CONVERSION = YES;
				CLANG_WARN_OBJC_ROOT_CLASS = YES_ERROR;
				CLANG_WARN_SUSPICIOUS_MOVE = YES;
				CLANG_WARN_UNREACHABLE_CODE = YES;
				CLANG_WARN__DUPLICATE_METHOD_MATCH = YES;
				"CODE_SIGN_IDENTITY[sdk=iphoneos*]" = "iPhone Developer";
				COPY_PHASE_STRIP = NO;
				DEBUG_INFORMATION_FORMAT = "dwarf-with-dsym";
				ENABLE_NS_ASSERTIONS = NO;
				ENABLE_STRICT_OBJC_MSGSEND = YES;
				GCC_C_LANGUAGE_STANDARD = gnu99;
				GCC_NO_COMMON_BLOCKS = YES;
				GCC_WARN_64_TO_32_BIT_CONVERSION = YES;
				GCC_WARN_ABOUT_RETURN_TYPE = YES_ERROR;
				GCC_WARN_UNDECLARED_SELECTOR = YES;
				GCC_WARN_UNINITIALIZED_AUTOS = YES_AGGRESSIVE;
				GCC_WARN_UNUSED_FUNCTION = YES;
				GCC_WARN_UNUSED_VARIABLE = YES;
				IPHONEOS_DEPLOYMENT_TARGET = 10.3;
				MTL_ENABLE_DEBUG_INFO = NO;
				SDKROOT = iphoneos;
				SWIFT_OPTIMIZATION_LEVEL = "-Owholemodule";
				VALIDATE_PRODUCT = YES;
			};
			name = Release;
		};
		5A0023941FB8849000314156 /* Debug */ = {
			isa = XCBuildConfiguration;
			baseConfigurationReference = BD235A2250E7794A23E8D21B /* Pods-ChedliWeldi2.debug.xcconfig */;
			buildSettings = {
				ALWAYS_EMBED_SWIFT_STANDARD_LIBRARIES = YES;
				ASSETCATALOG_COMPILER_APPICON_NAME = AppIcon;
				CODE_SIGN_ENTITLEMENTS = ChedliWeldi2/ChedliWeldi2.entitlements;
				DEVELOPMENT_TEAM = G96V29LG5G;
				"DEVELOPMENT_TEAM[sdk=*]" = G96V29LG5G;
				INFOPLIST_FILE = ChedliWeldi2/Info.plist;
				LD_RUNPATH_SEARCH_PATHS = "$(inherited) @executable_path/Frameworks";
				PRODUCT_BUNDLE_IDENTIFIER = com.esprit.chedliweldi;
				PRODUCT_NAME = "$(TARGET_NAME)";
				PROVISIONING_PROFILE = "7e5d9257-dba2-454c-8a01-f66bc2412f20";
				PROVISIONING_PROFILE_SPECIFIER = "oussama reguez";
				SWIFT_VERSION = 3.0;
			};
			name = Debug;
		};
		5A0023951FB8849000314156 /* Release */ = {
			isa = XCBuildConfiguration;
			baseConfigurationReference = 04DD358DCC04340B72098936 /* Pods-ChedliWeldi2.release.xcconfig */;
			buildSettings = {
				ALWAYS_EMBED_SWIFT_STANDARD_LIBRARIES = YES;
				ASSETCATALOG_COMPILER_APPICON_NAME = AppIcon;
				CODE_SIGN_ENTITLEMENTS = ChedliWeldi2/ChedliWeldi2.entitlements;
				DEVELOPMENT_TEAM = "";
				INFOPLIST_FILE = ChedliWeldi2/Info.plist;
				LD_RUNPATH_SEARCH_PATHS = "$(inherited) @executable_path/Frameworks";
				PRODUCT_BUNDLE_IDENTIFIER = com.esprit.chedliweldi;
				PRODUCT_NAME = "$(TARGET_NAME)";
				PROVISIONING_PROFILE_SPECIFIER = "";
				SWIFT_VERSION = 3.0;
			};
			name = Release;
		};
		5A59391F1FC0E71E00FF5DA6 /* Debug */ = {
			isa = XCBuildConfiguration;
			buildSettings = {
				DEVELOPMENT_TEAM = G96V29LG5G;
				INFOPLIST_FILE = notification/Info.plist;
				LD_RUNPATH_SEARCH_PATHS = "$(inherited) @executable_path/Frameworks @executable_path/../../Frameworks";
				PRODUCT_BUNDLE_IDENTIFIER = com.esprit.chedliweldi.notification;
				PRODUCT_NAME = "$(TARGET_NAME)";
				SKIP_INSTALL = YES;
				SWIFT_VERSION = 3.0;
			};
			name = Debug;
		};
		5A5939201FC0E71E00FF5DA6 /* Release */ = {
			isa = XCBuildConfiguration;
			buildSettings = {
				DEVELOPMENT_TEAM = "";
				INFOPLIST_FILE = notification/Info.plist;
				LD_RUNPATH_SEARCH_PATHS = "$(inherited) @executable_path/Frameworks @executable_path/../../Frameworks";
				PRODUCT_BUNDLE_IDENTIFIER = com.esprit.chedliweldi.notification;
				PRODUCT_NAME = "$(TARGET_NAME)";
				SKIP_INSTALL = YES;
				SWIFT_VERSION = 3.0;
			};
			name = Release;
		};
/* End XCBuildConfiguration section */

/* Begin XCConfigurationList section */
		5A0023791FB8849000314156 /* Build configuration list for PBXProject "ChedliWeldi2" */ = {
			isa = XCConfigurationList;
			buildConfigurations = (
				5A0023911FB8849000314156 /* Debug */,
				5A0023921FB8849000314156 /* Release */,
			);
			defaultConfigurationIsVisible = 0;
			defaultConfigurationName = Release;
		};
		5A0023931FB8849000314156 /* Build configuration list for PBXNativeTarget "ChedliWeldi2" */ = {
			isa = XCConfigurationList;
			buildConfigurations = (
				5A0023941FB8849000314156 /* Debug */,
				5A0023951FB8849000314156 /* Release */,
			);
			defaultConfigurationIsVisible = 0;
			defaultConfigurationName = Release;
		};
		5A59391E1FC0E71E00FF5DA6 /* Build configuration list for PBXNativeTarget "notification" */ = {
			isa = XCConfigurationList;
			buildConfigurations = (
				5A59391F1FC0E71E00FF5DA6 /* Debug */,
				5A5939201FC0E71E00FF5DA6 /* Release */,
			);
			defaultConfigurationIsVisible = 0;
			defaultConfigurationName = Release;
		};
/* End XCConfigurationList section */

/* Begin XCVersionGroup section */
		5A0023881FB8849000314156 /* ChedliWeldi2.xcdatamodeld */ = {
			isa = XCVersionGroup;
			children = (
				5A0023891FB8849000314156 /* ChedliWeldi2.xcdatamodel */,
			);
			currentVersion = 5A0023891FB8849000314156 /* ChedliWeldi2.xcdatamodel */;
			path = ChedliWeldi2.xcdatamodeld;
			sourceTree = "<group>";
			versionGroupType = wrapper.xcdatamodel;
		};
/* End XCVersionGroup section */
	};
	rootObject = 5A0023761FB8849000314156 /* Project object */;
}
